
Microsoft Visual Studio Solution File, Format Version 12.00
# Visual Studio Version 17
VisualStudioVersion = 17.0.31903.59
MinimumVisualStudioVersion = 10.0.40219.1
Project("{FAE04EC0-301F-11D3-BF4B-00C04F79EFBC}") = "API", "API\API.csproj", "{31947FB1-027B-420D-ACE1-39DF2CE08DAC}"
EndProject
Project("{FAE04EC0-301F-11D3-BF4B-00C04F79EFBC}") = "Application", "Application\Application.csproj", "{E17490D9-3F94-496C-8150-5A4FF92FB284}"
EndProject
Project("{FAE04EC0-301F-11D3-BF4B-00C04F79EFBC}") = "Domain", "Domain\Domain.csproj", "{F103AC91-CB7A-4F58-A731-609F5F0FBE1D}"
EndProject
Project("{FAE04EC0-301F-11D3-BF4B-00C04F79EFBC}") = "Persistence", "Persistence\Persistence.csproj", "{3F15E559-A9A0-4D46-A6AA-A7BF2215A575}"
EndProject
Global
	GlobalSection(SolutionConfigurationPlatforms) = preSolution
		Debug|Any CPU = Debug|Any CPU
		Release|Any CPU = Release|Any CPU
	EndGlobalSection
	GlobalSection(SolutionProperties) = preSolution
		HideSolutionNode = FALSE
	EndGlobalSection
	GlobalSection(ProjectConfigurationPlatforms) = postSolution
		{31947FB1-027B-420D-ACE1-39DF2CE08DAC}.Debug|Any CPU.ActiveCfg = Debug|Any CPU
		{31947FB1-027B-420D-ACE1-39DF2CE08DAC}.Debug|Any CPU.Build.0 = Debug|Any CPU
		{31947FB1-027B-420D-ACE1-39DF2CE08DAC}.Release|Any CPU.ActiveCfg = Release|Any CPU
		{31947FB1-027B-420D-ACE1-39DF2CE08DAC}.Release|Any CPU.Build.0 = Release|Any CPU
		{E17490D9-3F94-496C-8150-5A4FF92FB284}.Debug|Any CPU.ActiveCfg = Debug|Any CPU
		{E17490D9-3F94-496C-8150-5A4FF92FB284}.Debug|Any CPU.Build.0 = Debug|Any CPU
		{E17490D9-3F94-496C-8150-5A4FF92FB284}.Release|Any CPU.ActiveCfg = Release|Any CPU
		{E17490D9-3F94-496C-8150-5A4FF92FB284}.Release|Any CPU.Build.0 = Release|Any CPU
		{F103AC91-CB7A-4F58-A731-609F5F0FBE1D}.Debug|Any CPU.ActiveCfg = Debug|Any CPU
		{F103AC91-CB7A-4F58-A731-609F5F0FBE1D}.Debug|Any CPU.Build.0 = Debug|Any CPU
		{F103AC91-CB7A-4F58-A731-609F5F0FBE1D}.Release|Any CPU.ActiveCfg = Release|Any CPU
		{F103AC91-CB7A-4F58-A731-609F5F0FBE1D}.Release|Any CPU.Build.0 = Release|Any CPU
		{3F15E559-A9A0-4D46-A6AA-A7BF2215A575}.Debug|Any CPU.ActiveCfg = Debug|Any CPU
		{3F15E559-A9A0-4D46-A6AA-A7BF2215A575}.Debug|Any CPU.Build.0 = Debug|Any CPU
		{3F15E559-A9A0-4D46-A6AA-A7BF2215A575}.Release|Any CPU.ActiveCfg = Release|Any CPU
		{3F15E559-A9A0-4D46-A6AA-A7BF2215A575}.Release|Any CPU.Build.0 = Release|Any CPU
	EndGlobalSection
EndGlobal
